<?xml version="1.0" encoding="UTF-8" standalone="yes" ?>
<CodeBlocks_project_file>
   <FileVersion major="1" minor="6" />
   <Project>
      <Option title="todo" />
      <Option makefile_is_custom="1" />
      <Option compiler="gcc" />
      <Option virtualFolders="CMake Files\;" />
      <Build>
      <Target title="all">
         <Option working_dir="/home/cheick/Documents/Git/ECE-3574-Project0" />
         <Option type="4" />
         <MakeCommands>
            <Build command="/usr/bin/make -f &quot;/home/cheick/Documents/Git/ECE-3574-Project0/Makefile&quot;  VERBOSE=1 all" />
            <CompileFile command="/usr/bin/make -f &quot;/home/cheick/Documents/Git/ECE-3574-Project0/Makefile&quot;  VERBOSE=1 &quot;$file&quot;" />
            <Clean command="/usr/bin/make -f &quot;/home/cheick/Documents/Git/ECE-3574-Project0/Makefile&quot;  VERBOSE=1 clean" />
            <DistClean command="/usr/bin/make -f &quot;/home/cheick/Documents/Git/ECE-3574-Project0/Makefile&quot;  VERBOSE=1 clean" />
         </MakeCommands>
      </Target>
      <Target title="edit_cache">
         <Option working_dir="/home/cheick/Documents/Git/ECE-3574-Project0" />
         <Option type="4" />
         <MakeCommands>
            <Build command="/usr/bin/make -f &quot;/home/cheick/Documents/Git/ECE-3574-Project0/Makefile&quot;  VERBOSE=1 edit_cache" />
            <CompileFile command="/usr/bin/make -f &quot;/home/cheick/Documents/Git/ECE-3574-Project0/Makefile&quot;  VERBOSE=1 &quot;$file&quot;" />
            <Clean command="/usr/bin/make -f &quot;/home/cheick/Documents/Git/ECE-3574-Project0/Makefile&quot;  VERBOSE=1 clean" />
            <DistClean command="/usr/bin/make -f &quot;/home/cheick/Documents/Git/ECE-3574-Project0/Makefile&quot;  VERBOSE=1 clean" />
         </MakeCommands>
      </Target>
      <Target title="rebuild_cache">
         <Option working_dir="/home/cheick/Documents/Git/ECE-3574-Project0" />
         <Option type="4" />
         <MakeCommands>
            <Build command="/usr/bin/make -f &quot;/home/cheick/Documents/Git/ECE-3574-Project0/Makefile&quot;  VERBOSE=1 rebuild_cache" />
            <CompileFile command="/usr/bin/make -f &quot;/home/cheick/Documents/Git/ECE-3574-Project0/Makefile&quot;  VERBOSE=1 &quot;$file&quot;" />
            <Clean command="/usr/bin/make -f &quot;/home/cheick/Documents/Git/ECE-3574-Project0/Makefile&quot;  VERBOSE=1 clean" />
            <DistClean command="/usr/bin/make -f &quot;/home/cheick/Documents/Git/ECE-3574-Project0/Makefile&quot;  VERBOSE=1 clean" />
         </MakeCommands>
      </Target>
      <Target title="test">
         <Option working_dir="/home/cheick/Documents/Git/ECE-3574-Project0" />
         <Option type="4" />
         <MakeCommands>
            <Build command="/usr/bin/make -f &quot;/home/cheick/Documents/Git/ECE-3574-Project0/Makefile&quot;  VERBOSE=1 test" />
            <CompileFile command="/usr/bin/make -f &quot;/home/cheick/Documents/Git/ECE-3574-Project0/Makefile&quot;  VERBOSE=1 &quot;$file&quot;" />
            <Clean command="/usr/bin/make -f &quot;/home/cheick/Documents/Git/ECE-3574-Project0/Makefile&quot;  VERBOSE=1 clean" />
            <DistClean command="/usr/bin/make -f &quot;/home/cheick/Documents/Git/ECE-3574-Project0/Makefile&quot;  VERBOSE=1 clean" />
         </MakeCommands>
      </Target>
      <Target title="test_todo">
         <Option output="/home/cheick/Documents/Git/ECE-3574-Project0/test_todo" prefix_auto="0" extension_auto="0" />
         <Option working_dir="" />
         <Option object_output="./" />
         <Option type="1" />
         <Option compiler="gcc" />
         <Compiler>
            <Add directory="/usr/include" />
            <Add directory="/usr/include/c++/4.8" />
            <Add directory="/usr/include/c++/4.8/backward" />
            <Add directory="/usr/include/x86_64-linux-gnu" />
            <Add directory="/usr/include/x86_64-linux-gnu/c++/4.8" />
            <Add directory="/usr/lib/gcc/x86_64-linux-gnu/4.8/include" />
            <Add directory="/usr/lib/gcc/x86_64-linux-gnu/4.8/include-fixed" />
            <Add directory="/usr/local/include" />
         </Compiler>
         <MakeCommands>
            <Build command="/usr/bin/make -f &quot;/home/cheick/Documents/Git/ECE-3574-Project0/Makefile&quot;  VERBOSE=1 test_todo" />
            <CompileFile command="/usr/bin/make -f &quot;/home/cheick/Documents/Git/ECE-3574-Project0/Makefile&quot;  VERBOSE=1 &quot;$file&quot;" />
            <Clean command="/usr/bin/make -f &quot;/home/cheick/Documents/Git/ECE-3574-Project0/Makefile&quot;  VERBOSE=1 clean" />
            <DistClean command="/usr/bin/make -f &quot;/home/cheick/Documents/Git/ECE-3574-Project0/Makefile&quot;  VERBOSE=1 clean" />
         </MakeCommands>
      </Target>
      <Target title="test_todo/fast">
         <Option output="/home/cheick/Documents/Git/ECE-3574-Project0/test_todo" prefix_auto="0" extension_auto="0" />
         <Option working_dir="" />
         <Option object_output="./" />
         <Option type="1" />
         <Option compiler="gcc" />
         <Compiler>
            <Add directory="/usr/include" />
            <Add directory="/usr/include/c++/4.8" />
            <Add directory="/usr/include/c++/4.8/backward" />
            <Add directory="/usr/include/x86_64-linux-gnu" />
            <Add directory="/usr/include/x86_64-linux-gnu/c++/4.8" />
            <Add directory="/usr/lib/gcc/x86_64-linux-gnu/4.8/include" />
            <Add directory="/usr/lib/gcc/x86_64-linux-gnu/4.8/include-fixed" />
            <Add directory="/usr/local/include" />
         </Compiler>
         <MakeCommands>
            <Build command="/usr/bin/make -f &quot;/home/cheick/Documents/Git/ECE-3574-Project0/Makefile&quot;  VERBOSE=1 test_todo/fast" />
            <CompileFile command="/usr/bin/make -f &quot;/home/cheick/Documents/Git/ECE-3574-Project0/Makefile&quot;  VERBOSE=1 &quot;$file&quot;" />
            <Clean command="/usr/bin/make -f &quot;/home/cheick/Documents/Git/ECE-3574-Project0/Makefile&quot;  VERBOSE=1 clean" />
            <DistClean command="/usr/bin/make -f &quot;/home/cheick/Documents/Git/ECE-3574-Project0/Makefile&quot;  VERBOSE=1 clean" />
         </MakeCommands>
      </Target>
      <Target title="todo">
         <Option output="/home/cheick/Documents/Git/ECE-3574-Project0/todo" prefix_auto="0" extension_auto="0" />
         <Option working_dir="" />
         <Option object_output="./" />
         <Option type="1" />
         <Option compiler="gcc" />
         <Compiler>
            <Add directory="/usr/include" />
            <Add directory="/usr/include/c++/4.8" />
            <Add directory="/usr/include/c++/4.8/backward" />
            <Add directory="/usr/include/x86_64-linux-gnu" />
            <Add directory="/usr/include/x86_64-linux-gnu/c++/4.8" />
            <Add directory="/usr/lib/gcc/x86_64-linux-gnu/4.8/include" />
            <Add directory="/usr/lib/gcc/x86_64-linux-gnu/4.8/include-fixed" />
            <Add directory="/usr/local/include" />
         </Compiler>
         <MakeCommands>
            <Build command="/usr/bin/make -f &quot;/home/cheick/Documents/Git/ECE-3574-Project0/Makefile&quot;  VERBOSE=1 todo" />
            <CompileFile command="/usr/bin/make -f &quot;/home/cheick/Documents/Git/ECE-3574-Project0/Makefile&quot;  VERBOSE=1 &quot;$file&quot;" />
            <Clean command="/usr/bin/make -f &quot;/home/cheick/Documents/Git/ECE-3574-Project0/Makefile&quot;  VERBOSE=1 clean" />
            <DistClean command="/usr/bin/make -f &quot;/home/cheick/Documents/Git/ECE-3574-Project0/Makefile&quot;  VERBOSE=1 clean" />
         </MakeCommands>
      </Target>
      <Target title="todo/fast">
         <Option output="/home/cheick/Documents/Git/ECE-3574-Project0/todo" prefix_auto="0" extension_auto="0" />
         <Option working_dir="" />
         <Option object_output="./" />
         <Option type="1" />
         <Option compiler="gcc" />
         <Compiler>
            <Add directory="/usr/include" />
            <Add directory="/usr/include/c++/4.8" />
            <Add directory="/usr/include/c++/4.8/backward" />
            <Add directory="/usr/include/x86_64-linux-gnu" />
            <Add directory="/usr/include/x86_64-linux-gnu/c++/4.8" />
            <Add directory="/usr/lib/gcc/x86_64-linux-gnu/4.8/include" />
            <Add directory="/usr/lib/gcc/x86_64-linux-gnu/4.8/include-fixed" />
            <Add directory="/usr/local/include" />
         </Compiler>
         <MakeCommands>
            <Build command="/usr/bin/make -f &quot;/home/cheick/Documents/Git/ECE-3574-Project0/Makefile&quot;  VERBOSE=1 todo/fast" />
            <CompileFile command="/usr/bin/make -f &quot;/home/cheick/Documents/Git/ECE-3574-Project0/Makefile&quot;  VERBOSE=1 &quot;$file&quot;" />
            <Clean command="/usr/bin/make -f &quot;/home/cheick/Documents/Git/ECE-3574-Project0/Makefile&quot;  VERBOSE=1 clean" />
            <DistClean command="/usr/bin/make -f &quot;/home/cheick/Documents/Git/ECE-3574-Project0/Makefile&quot;  VERBOSE=1 clean" />
         </MakeCommands>
      </Target>
      </Build>
      <Unit filename="/home/cheick/Documents/Git/ECE-3574-Project0/Prog.cpp">
      </Unit>
      <Unit filename="/home/cheick/Documents/Git/ECE-3574-Project0/c_Arglist.cpp">
      </Unit>
      <Unit filename="/home/cheick/Documents/Git/ECE-3574-Project0/c_command.cpp">
      </Unit>
      <Unit filename="/home/cheick/Documents/Git/ECE-3574-Project0/main.cpp">
      </Unit>
      <Unit filename="/home/cheick/Documents/Git/ECE-3574-Project0/prog_test.cpp">
      </Unit>
      <Unit filename="/home/cheick/Documents/Git/ECE-3574-Project0/Prog.h">
      </Unit>
      <Unit filename="/home/cheick/Documents/Git/ECE-3574-Project0/c_Arglist.h">
      </Unit>
      <Unit filename="/home/cheick/Documents/Git/ECE-3574-Project0/c_command.h">
      </Unit>
      <Unit filename="/home/cheick/Documents/Git/ECE-3574-Project0/CMakeLists.txt">
          <Option virtualFolder="CMake Files\" />
      </Unit>
   </Project>
</CodeBlocks_project_file>
